// !$*UTF8*$!
{
	archiveVersion = 1;
	classes = {
	};
	objectVersion = 44;
	objects = {

/* Begin PBXBuildFile section */
		E242D147115B882200BE8E66 /* AOCAdvice.m in Sources */ = {isa = PBXBuildFile; fileRef = E242D146115B882200BE8E66 /* AOCAdvice.m */; };
		E242D148115B882200BE8E66 /* AOCAdvice.m in Sources */ = {isa = PBXBuildFile; fileRef = E242D146115B882200BE8E66 /* AOCAdvice.m */; };
		E242D149115B882200BE8E66 /* AOCAdvice.m in Sources */ = {isa = PBXBuildFile; fileRef = E242D146115B882200BE8E66 /* AOCAdvice.m */; };
		E2479363114C9DB000626905 /* DemoApp.xib in Resources */ = {isa = PBXBuildFile; fileRef = E2479362114C9DB000626905 /* DemoApp.xib */; };
		E2479368114C9E2400626905 /* main.m in Sources */ = {isa = PBXBuildFile; fileRef = E2479367114C9E2400626905 /* main.m */; };
		E24793AB114CA4DB00626905 /* AOCAspectManager.m in Sources */ = {isa = PBXBuildFile; fileRef = E293ABA01147E0E600D7F9C7 /* AOCAspectManager.m */; };
		E24793AD114CA4DD00626905 /* AOCError.m in Sources */ = {isa = PBXBuildFile; fileRef = E2BA921911484FC00068257E /* AOCError.m */; };
		E24793AE114CA4DD00626905 /* AOCMethodHooking.m in Sources */ = {isa = PBXBuildFile; fileRef = E293ABB81147E96E00D7F9C7 /* AOCMethodHooking.m */; };
		E24A50091150C40A00EFB201 /* generate_method_hooking_tests.rb in Resources */ = {isa = PBXBuildFile; fileRef = E24A50071150C40A00EFB201 /* generate_method_hooking_tests.rb */; };
		E24A500A1150C40A00EFB201 /* insert_method_hooking_tests.rb in Resources */ = {isa = PBXBuildFile; fileRef = E24A50081150C40A00EFB201 /* insert_method_hooking_tests.rb */; };
		E24F6ADF11486D2500201FE6 /* TestAOCMethodHooking.m in Sources */ = {isa = PBXBuildFile; fileRef = E24F6ADE11486D2500201FE6 /* TestAOCMethodHooking.m */; };
		E2905BB5114793D400D69FE7 /* SenTestingKit.framework in Frameworks */ = {isa = PBXBuildFile; fileRef = E2905BB4114793D400D69FE7 /* SenTestingKit.framework */; };
		E293ABA11147E0E600D7F9C7 /* AOCAspectManager.m in Sources */ = {isa = PBXBuildFile; fileRef = E293ABA01147E0E600D7F9C7 /* AOCAspectManager.m */; };
		E293ABB91147E96E00D7F9C7 /* AOCMethodHooking.m in Sources */ = {isa = PBXBuildFile; fileRef = E293ABB81147E96E00D7F9C7 /* AOCMethodHooking.m */; };
		E29D0E5F11526E3C00FD6070 /* DemoAppDelegate.m in Sources */ = {isa = PBXBuildFile; fileRef = E29D0E5C11526E3C00FD6070 /* DemoAppDelegate.m */; };
		E29D0E6011526E3C00FD6070 /* HijackAdvice.m in Sources */ = {isa = PBXBuildFile; fileRef = E29D0E5E11526E3C00FD6070 /* HijackAdvice.m */; };
		E2BA572D114904520080CA2D /* TestAOCAspectManager.m in Sources */ = {isa = PBXBuildFile; fileRef = E2BA572C114904520080CA2D /* TestAOCAspectManager.m */; };
		E2BA921A11484FC00068257E /* AOCError.m in Sources */ = {isa = PBXBuildFile; fileRef = E2BA921911484FC00068257E /* AOCError.m */; };
		E2BA925D114860FE0068257E /* README.markdown in Resources */ = {isa = PBXBuildFile; fileRef = E2BA925C114860FE0068257E /* README.markdown */; };
		E2F6E5851149317E00658AB2 /* AOCAdvice.h in Headers */ = {isa = PBXBuildFile; fileRef = E22AD4F91147DF150020D988 /* AOCAdvice.h */; settings = {ATTRIBUTES = (Public, ); }; };
		E2F6E5861149318200658AB2 /* AOCAspectManager.h in Headers */ = {isa = PBXBuildFile; fileRef = E293AB9F1147E0E600D7F9C7 /* AOCAspectManager.h */; settings = {ATTRIBUTES = (Public, ); }; };
		E2F6E5871149318D00658AB2 /* AOCAspectManager.m in Sources */ = {isa = PBXBuildFile; fileRef = E293ABA01147E0E600D7F9C7 /* AOCAspectManager.m */; };
		E2F6E5881149319000658AB2 /* AOCMethodHooking.m in Sources */ = {isa = PBXBuildFile; fileRef = E293ABB81147E96E00D7F9C7 /* AOCMethodHooking.m */; };
		E2F6E5891149319300658AB2 /* AOCError.m in Sources */ = {isa = PBXBuildFile; fileRef = E2BA921911484FC00068257E /* AOCError.m */; };
/* End PBXBuildFile section */

/* Begin PBXCopyFilesBuildPhase section */
		E2F6E59A1149320700658AB2 /* CopyFiles */ = {
			isa = PBXCopyFilesBuildPhase;
			buildActionMask = 2147483647;
			dstPath = "";
			dstSubfolderSpec = 7;
			files = (
			);
			runOnlyForDeploymentPostprocessing = 0;
		};
/* End PBXCopyFilesBuildPhase section */

/* Begin PBXFileReference section */
		1058C7A1FEA54F0111CA2CBB /* Cocoa.framework */ = {isa = PBXFileReference; lastKnownFileType = wrapper.framework; name = Cocoa.framework; path = /System/Library/Frameworks/Cocoa.framework; sourceTree = "<absolute>"; };
		13E42FB307B3F0F600E4EEF1 /* CoreData.framework */ = {isa = PBXFileReference; lastKnownFileType = wrapper.framework; name = CoreData.framework; path = /System/Library/Frameworks/CoreData.framework; sourceTree = "<absolute>"; };
		29B97324FDCFA39411CA2CEA /* AppKit.framework */ = {isa = PBXFileReference; lastKnownFileType = wrapper.framework; name = AppKit.framework; path = /System/Library/Frameworks/AppKit.framework; sourceTree = "<absolute>"; };
		29B97325FDCFA39411CA2CEA /* Foundation.framework */ = {isa = PBXFileReference; lastKnownFileType = wrapper.framework; name = Foundation.framework; path = /System/Library/Frameworks/Foundation.framework; sourceTree = "<absolute>"; };
		E22AD4F91147DF150020D988 /* AOCAdvice.h */ = {isa = PBXFileReference; fileEncoding = 4; lastKnownFileType = sourcecode.c.h; path = AOCAdvice.h; sourceTree = "<group>"; };
		E242D146115B882200BE8E66 /* AOCAdvice.m */ = {isa = PBXFileReference; fileEncoding = 4; lastKnownFileType = sourcecode.c.objc; path = AOCAdvice.m; sourceTree = "<group>"; };
		E247932D114C9CC300626905 /* DemoApp.app */ = {isa = PBXFileReference; explicitFileType = wrapper.application; includeInIndex = 0; path = DemoApp.app; sourceTree = BUILT_PRODUCTS_DIR; };
		E247932F114C9CC300626905 /* DemoApp-Info.plist */ = {isa = PBXFileReference; lastKnownFileType = text.plist.xml; path = "DemoApp-Info.plist"; sourceTree = "<group>"; };
		E2479362114C9DB000626905 /* DemoApp.xib */ = {isa = PBXFileReference; lastKnownFileType = file.xib; path = DemoApp.xib; sourceTree = "<group>"; };
		E2479367114C9E2400626905 /* main.m */ = {isa = PBXFileReference; fileEncoding = 4; lastKnownFileType = sourcecode.c.objc; path = main.m; sourceTree = "<group>"; };
		E24A50071150C40A00EFB201 /* generate_method_hooking_tests.rb */ = {isa = PBXFileReference; fileEncoding = 4; lastKnownFileType = text.script.ruby; path = generate_method_hooking_tests.rb; sourceTree = "<group>"; };
		E24A50081150C40A00EFB201 /* insert_method_hooking_tests.rb */ = {isa = PBXFileReference; fileEncoding = 4; lastKnownFileType = text.script.ruby; path = insert_method_hooking_tests.rb; sourceTree = "<group>"; };
		E24F6ADD11486D2500201FE6 /* TestAOCMethodHooking.h */ = {isa = PBXFileReference; fileEncoding = 4; lastKnownFileType = sourcecode.c.h; path = TestAOCMethodHooking.h; sourceTree = "<group>"; };
		E24F6ADE11486D2500201FE6 /* TestAOCMethodHooking.m */ = {isa = PBXFileReference; fileEncoding = 4; lastKnownFileType = sourcecode.c.objc; path = TestAOCMethodHooking.m; sourceTree = "<group>"; };
		E2905BAE114793AA00D69FE7 /* UnitTests.octest */ = {isa = PBXFileReference; explicitFileType = wrapper.cfbundle; includeInIndex = 0; path = UnitTests.octest; sourceTree = BUILT_PRODUCTS_DIR; };
		E2905BAF114793AA00D69FE7 /* UnitTests-Info.plist */ = {isa = PBXFileReference; lastKnownFileType = text.plist.xml; path = "UnitTests-Info.plist"; sourceTree = "<group>"; };
		E2905BB4114793D400D69FE7 /* SenTestingKit.framework */ = {isa = PBXFileReference; lastKnownFileType = wrapper.framework; name = SenTestingKit.framework; path = Library/Frameworks/SenTestingKit.framework; sourceTree = DEVELOPER_DIR; };
		E293AB9F1147E0E600D7F9C7 /* AOCAspectManager.h */ = {isa = PBXFileReference; fileEncoding = 4; lastKnownFileType = sourcecode.c.h; path = AOCAspectManager.h; sourceTree = "<group>"; };
		E293ABA01147E0E600D7F9C7 /* AOCAspectManager.m */ = {isa = PBXFileReference; fileEncoding = 4; lastKnownFileType = sourcecode.c.objc; path = AOCAspectManager.m; sourceTree = "<group>"; };
		E293ABB71147E96E00D7F9C7 /* AOCMethodHooking.h */ = {isa = PBXFileReference; fileEncoding = 4; lastKnownFileType = sourcecode.c.h; path = AOCMethodHooking.h; sourceTree = "<group>"; };
		E293ABB81147E96E00D7F9C7 /* AOCMethodHooking.m */ = {isa = PBXFileReference; fileEncoding = 4; lastKnownFileType = sourcecode.c.objc; path = AOCMethodHooking.m; sourceTree = "<group>"; };
		E29D0E5B11526E3C00FD6070 /* DemoAppDelegate.h */ = {isa = PBXFileReference; fileEncoding = 4; lastKnownFileType = sourcecode.c.h; path = DemoAppDelegate.h; sourceTree = "<group>"; };
		E29D0E5C11526E3C00FD6070 /* DemoAppDelegate.m */ = {isa = PBXFileReference; fileEncoding = 4; lastKnownFileType = sourcecode.c.objc; path = DemoAppDelegate.m; sourceTree = "<group>"; };
		E29D0E5D11526E3C00FD6070 /* HijackAdvice.h */ = {isa = PBXFileReference; fileEncoding = 4; lastKnownFileType = sourcecode.c.h; path = HijackAdvice.h; sourceTree = "<group>"; };
		E29D0E5E11526E3C00FD6070 /* HijackAdvice.m */ = {isa = PBXFileReference; fileEncoding = 4; lastKnownFileType = sourcecode.c.objc; path = HijackAdvice.m; sourceTree = "<group>"; };
		E2BA572B114904520080CA2D /* TestAOCAspectManager.h */ = {isa = PBXFileReference; fileEncoding = 4; lastKnownFileType = sourcecode.c.h; path = TestAOCAspectManager.h; sourceTree = "<group>"; };
		E2BA572C114904520080CA2D /* TestAOCAspectManager.m */ = {isa = PBXFileReference; fileEncoding = 4; lastKnownFileType = sourcecode.c.objc; path = TestAOCAspectManager.m; sourceTree = "<group>"; };
		E2BA921811484FC00068257E /* AOCError.h */ = {isa = PBXFileReference; fileEncoding = 4; lastKnownFileType = sourcecode.c.h; path = AOCError.h; sourceTree = "<group>"; };
		E2BA921911484FC00068257E /* AOCError.m */ = {isa = PBXFileReference; fileEncoding = 4; lastKnownFileType = sourcecode.c.objc; path = AOCError.m; sourceTree = "<group>"; };
		E2BA925C114860FE0068257E /* README.markdown */ = {isa = PBXFileReference; fileEncoding = 4; lastKnownFileType = text; name = README.markdown; path = ../README.markdown; sourceTree = SOURCE_ROOT; };
		E2F6E5801149303D00658AB2 /* AspectObjectiveC.framework */ = {isa = PBXFileReference; explicitFileType = wrapper.framework; includeInIndex = 0; path = AspectObjectiveC.framework; sourceTree = BUILT_PRODUCTS_DIR; };
		E2F6E5811149303D00658AB2 /* AspectObjectiveC-Info.plist */ = {isa = PBXFileReference; lastKnownFileType = text.plist.xml; path = "AspectObjectiveC-Info.plist"; sourceTree = "<group>"; };
/* End PBXFileReference section */

/* Begin PBXFrameworksBuildPhase section */
		E247932B114C9CC300626905 /* Frameworks */ = {
			isa = PBXFrameworksBuildPhase;
			buildActionMask = 2147483647;
			files = (
			);
			runOnlyForDeploymentPostprocessing = 0;
		};
		E2905BAB114793AA00D69FE7 /* Frameworks */ = {
			isa = PBXFrameworksBuildPhase;
			buildActionMask = 2147483647;
			files = (
				E2905BB5114793D400D69FE7 /* SenTestingKit.framework in Frameworks */,
			);
			runOnlyForDeploymentPostprocessing = 0;
		};
		E2F6E57E1149303D00658AB2 /* Frameworks */ = {
			isa = PBXFrameworksBuildPhase;
			buildActionMask = 2147483647;
			files = (
			);
			runOnlyForDeploymentPostprocessing = 0;
		};
/* End PBXFrameworksBuildPhase section */

/* Begin PBXGroup section */
		1058C7A0FEA54F0111CA2CBB /* Linked Frameworks */ = {
			isa = PBXGroup;
			children = (
				1058C7A1FEA54F0111CA2CBB /* Cocoa.framework */,
				E2905BB4114793D400D69FE7 /* SenTestingKit.framework */,
			);
			name = "Linked Frameworks";
			sourceTree = "<group>";
		};
		1058C7A2FEA54F0111CA2CBB /* Other Frameworks */ = {
			isa = PBXGroup;
			children = (
				29B97324FDCFA39411CA2CEA /* AppKit.framework */,
				13E42FB307B3F0F600E4EEF1 /* CoreData.framework */,
				29B97325FDCFA39411CA2CEA /* Foundation.framework */,
			);
			name = "Other Frameworks";
			sourceTree = "<group>";
		};
		19C28FACFE9D520D11CA2CBB /* Products */ = {
			isa = PBXGroup;
			children = (
				E2905BAE114793AA00D69FE7 /* UnitTests.octest */,
				E2F6E5801149303D00658AB2 /* AspectObjectiveC.framework */,
				E247932D114C9CC300626905 /* DemoApp.app */,
			);
			name = Products;
			sourceTree = "<group>";
		};
		29B97314FDCFA39411CA2CEA /* AspectObjectiveC */ = {
			isa = PBXGroup;
			children = (
				E2905BB81147942200D69FE7 /* src */,
				E2905BB91147942200D69FE7 /* tests */,
				E247935D114C9D5800626905 /* DemoApp */,
				29B97323FDCFA39411CA2CEA /* Frameworks */,
				19C28FACFE9D520D11CA2CBB /* Products */,
				E2905BAF114793AA00D69FE7 /* UnitTests-Info.plist */,
				E2BA925C114860FE0068257E /* README.markdown */,
				E2F6E5811149303D00658AB2 /* AspectObjectiveC-Info.plist */,
				E247932F114C9CC300626905 /* DemoApp-Info.plist */,
			);
			name = AspectObjectiveC;
			sourceTree = "<group>";
		};
		29B97323FDCFA39411CA2CEA /* Frameworks */ = {
			isa = PBXGroup;
			children = (
				1058C7A0FEA54F0111CA2CBB /* Linked Frameworks */,
				1058C7A2FEA54F0111CA2CBB /* Other Frameworks */,
			);
			name = Frameworks;
			sourceTree = "<group>";
		};
		E247935D114C9D5800626905 /* DemoApp */ = {
			isa = PBXGroup;
			children = (
				E2479362114C9DB000626905 /* DemoApp.xib */,
				E29D0E5B11526E3C00FD6070 /* DemoAppDelegate.h */,
				E29D0E5C11526E3C00FD6070 /* DemoAppDelegate.m */,
				E29D0E5D11526E3C00FD6070 /* HijackAdvice.h */,
				E29D0E5E11526E3C00FD6070 /* HijackAdvice.m */,
				E2479367114C9E2400626905 /* main.m */,
			);
			path = DemoApp;
			sourceTree = "<group>";
		};
		E2905BB81147942200D69FE7 /* src */ = {
			isa = PBXGroup;
			children = (
				E22AD4F91147DF150020D988 /* AOCAdvice.h */,
				E242D146115B882200BE8E66 /* AOCAdvice.m */,
				E293AB9F1147E0E600D7F9C7 /* AOCAspectManager.h */,
				E293ABA01147E0E600D7F9C7 /* AOCAspectManager.m */,
				E2BA921811484FC00068257E /* AOCError.h */,
				E2BA921911484FC00068257E /* AOCError.m */,
				E293ABB71147E96E00D7F9C7 /* AOCMethodHooking.h */,
				E293ABB81147E96E00D7F9C7 /* AOCMethodHooking.m */,
			);
			path = src;
			sourceTree = "<group>";
		};
		E2905BB91147942200D69FE7 /* tests */ = {
			isa = PBXGroup;
			children = (
				E24A50071150C40A00EFB201 /* generate_method_hooking_tests.rb */,
				E24A50081150C40A00EFB201 /* insert_method_hooking_tests.rb */,
				E24F6ADD11486D2500201FE6 /* TestAOCMethodHooking.h */,
				E24F6ADE11486D2500201FE6 /* TestAOCMethodHooking.m */,
				E2BA572B114904520080CA2D /* TestAOCAspectManager.h */,
				E2BA572C114904520080CA2D /* TestAOCAspectManager.m */,
			);
			path = tests;
			sourceTree = "<group>";
		};
/* End PBXGroup section */

/* Begin PBXHeadersBuildPhase section */
		E2F6E57B1149303D00658AB2 /* Headers */ = {
			isa = PBXHeadersBuildPhase;
			buildActionMask = 2147483647;
			files = (
				E2F6E5851149317E00658AB2 /* AOCAdvice.h in Headers */,
				E2F6E5861149318200658AB2 /* AOCAspectManager.h in Headers */,
			);
			runOnlyForDeploymentPostprocessing = 0;
		};
/* End PBXHeadersBuildPhase section */

/* Begin PBXNativeTarget section */
		E247932C114C9CC300626905 /* DemoApp */ = {
			isa = PBXNativeTarget;
			buildConfigurationList = E2479332114C9CC400626905 /* Build configuration list for PBXNativeTarget "DemoApp" */;
			buildPhases = (
				E2479329114C9CC300626905 /* Resources */,
				E247932A114C9CC300626905 /* Sources */,
				E247932B114C9CC300626905 /* Frameworks */,
			);
			buildRules = (
			);
			dependencies = (
			);
			name = DemoApp;
			productName = DemoApp;
			productReference = E247932D114C9CC300626905 /* DemoApp.app */;
			productType = "com.apple.product-type.application";
		};
		E2905BAD114793AA00D69FE7 /* UnitTests */ = {
			isa = PBXNativeTarget;
			buildConfigurationList = E2905BB2114793AA00D69FE7 /* Build configuration list for PBXNativeTarget "UnitTests" */;
			buildPhases = (
				E24A4FF81150C30500EFB201 /* ShellScript */,
				E2905BA9114793AA00D69FE7 /* Resources */,
				E2905BAA114793AA00D69FE7 /* Sources */,
				E2905BAB114793AA00D69FE7 /* Frameworks */,
				E2905BAC114793AA00D69FE7 /* ShellScript */,
			);
			buildRules = (
			);
			dependencies = (
			);
			name = UnitTests;
			productName = UnitTests;
			productReference = E2905BAE114793AA00D69FE7 /* UnitTests.octest */;
			productType = "com.apple.product-type.bundle";
		};
		E2F6E57F1149303D00658AB2 /* AspectObjectiveC */ = {
			isa = PBXNativeTarget;
			buildConfigurationList = E2F6E5841149303D00658AB2 /* Build configuration list for PBXNativeTarget "AspectObjectiveC" */;
			buildPhases = (
				E2F6E57B1149303D00658AB2 /* Headers */,
				E2F6E57C1149303D00658AB2 /* Resources */,
				E2F6E57D1149303D00658AB2 /* Sources */,
				E2F6E57E1149303D00658AB2 /* Frameworks */,
				E2F6E59A1149320700658AB2 /* CopyFiles */,
			);
			buildRules = (
			);
			dependencies = (
			);
			name = AspectObjectiveC;
			productName = AspectObjectiveC;
			productReference = E2F6E5801149303D00658AB2 /* AspectObjectiveC.framework */;
			productType = "com.apple.product-type.framework";
		};
/* End PBXNativeTarget section */

/* Begin PBXProject section */
		29B97313FDCFA39411CA2CEA /* Project object */ = {
			isa = PBXProject;
			buildConfigurationList = C01FCF4E08A954540054247B /* Build configuration list for PBXProject "AspectObjectiveC" */;
			compatibilityVersion = "Xcode 3.0";
			hasScannedForEncodings = 1;
			mainGroup = 29B97314FDCFA39411CA2CEA /* AspectObjectiveC */;
			projectDirPath = "";
			projectRoot = "";
			targets = (
				E2905BAD114793AA00D69FE7 /* UnitTests */,
				E2F6E57F1149303D00658AB2 /* AspectObjectiveC */,
				E247932C114C9CC300626905 /* DemoApp */,
			);
		};
/* End PBXProject section */

/* Begin PBXResourcesBuildPhase section */
		E2479329114C9CC300626905 /* Resources */ = {
			isa = PBXResourcesBuildPhase;
			buildActionMask = 2147483647;
			files = (
				E2479363114C9DB000626905 /* DemoApp.xib in Resources */,
			);
			runOnlyForDeploymentPostprocessing = 0;
		};
		E2905BA9114793AA00D69FE7 /* Resources */ = {
			isa = PBXResourcesBuildPhase;
			buildActionMask = 2147483647;
			files = (
				E2BA925D114860FE0068257E /* README.markdown in Resources */,
				E24A50091150C40A00EFB201 /* generate_method_hooking_tests.rb in Resources */,
				E24A500A1150C40A00EFB201 /* insert_method_hooking_tests.rb in Resources */,
			);
			runOnlyForDeploymentPostprocessing = 0;
		};
		E2F6E57C1149303D00658AB2 /* Resources */ = {
			isa = PBXResourcesBuildPhase;
			buildActionMask = 2147483647;
			files = (
			);
			runOnlyForDeploymentPostprocessing = 0;
		};
/* End PBXResourcesBuildPhase section */

/* Begin PBXShellScriptBuildPhase section */
		E24A4FF81150C30500EFB201 /* ShellScript */ = {
			isa = PBXShellScriptBuildPhase;
			buildActionMask = 12;
			files = (
			);
			inputPaths = (
			);
			outputPaths = (
			);
			runOnlyForDeploymentPostprocessing = 0;
			shellPath = /bin/sh;
			shellScript = "ruby ${PROJECT_DIR}/tests/generate_method_hooking_tests.rb | ruby ${PROJECT_DIR}/tests/insert_method_hooking_tests.rb ${PROJECT_DIR}/tests/TestAOCMethodHooking.m";
		};
		E2905BAC114793AA00D69FE7 /* ShellScript */ = {
			isa = PBXShellScriptBuildPhase;
			buildActionMask = 2147483647;
			files = (
			);
			inputPaths = (
			);
			outputPaths = (
			);
			runOnlyForDeploymentPostprocessing = 0;
			shellPath = /bin/sh;
			shellScript = "# Run the unit tests in this test bundle.\n\"${SYSTEM_DEVELOPER_DIR}/Tools/RunUnitTests\"\n";
		};
/* End PBXShellScriptBuildPhase section */

/* Begin PBXSourcesBuildPhase section */
		E247932A114C9CC300626905 /* Sources */ = {
			isa = PBXSourcesBuildPhase;
			buildActionMask = 2147483647;
			files = (
				E2479368114C9E2400626905 /* main.m in Sources */,
				E24793AB114CA4DB00626905 /* AOCAspectManager.m in Sources */,
				E24793AD114CA4DD00626905 /* AOCError.m in Sources */,
				E24793AE114CA4DD00626905 /* AOCMethodHooking.m in Sources */,
				E29D0E5F11526E3C00FD6070 /* DemoAppDelegate.m in Sources */,
				E29D0E6011526E3C00FD6070 /* HijackAdvice.m in Sources */,
				E242D147115B882200BE8E66 /* AOCAdvice.m in Sources */,
			);
			runOnlyForDeploymentPostprocessing = 0;
		};
		E2905BAA114793AA00D69FE7 /* Sources */ = {
			isa = PBXSourcesBuildPhase;
			buildActionMask = 2147483647;
			files = (
				E293ABA11147E0E600D7F9C7 /* AOCAspectManager.m in Sources */,
				E293ABB91147E96E00D7F9C7 /* AOCMethodHooking.m in Sources */,
				E2BA921A11484FC00068257E /* AOCError.m in Sources */,
				E24F6ADF11486D2500201FE6 /* TestAOCMethodHooking.m in Sources */,
				E2BA572D114904520080CA2D /* TestAOCAspectManager.m in Sources */,
				E242D148115B882200BE8E66 /* AOCAdvice.m in Sources */,
			);
			runOnlyForDeploymentPostprocessing = 0;
		};
		E2F6E57D1149303D00658AB2 /* Sources */ = {
			isa = PBXSourcesBuildPhase;
			buildActionMask = 2147483647;
			files = (
				E2F6E5891149319300658AB2 /* AOCError.m in Sources */,
				E2F6E5881149319000658AB2 /* AOCMethodHooking.m in Sources */,
				E2F6E5871149318D00658AB2 /* AOCAspectManager.m in Sources */,
				E242D149115B882200BE8E66 /* AOCAdvice.m in Sources */,
			);
			runOnlyForDeploymentPostprocessing = 0;
		};
/* End PBXSourcesBuildPhase section */

/* Begin XCBuildConfiguration section */
		C01FCF4F08A954540054247B /* Debug */ = {
			isa = XCBuildConfiguration;
			buildSettings = {
				ARCHS = "$(ONLY_ACTIVE_ARCH_PRE_XCODE_3_1)";
				GCC_WARN_ABOUT_RETURN_TYPE = YES;
				GCC_WARN_UNUSED_VARIABLE = YES;
				ONLY_ACTIVE_ARCH_PRE_XCODE_3_1 = "$(NATIVE_ARCH_ACTUAL)";
				PREBINDING = NO;
				SDKROOT = "";
				WARNING_CFLAGS = (
					"-Werror",
					"-Wall",
				);
			};
			name = Debug;
		};
		C01FCF5008A954540054247B /* Release */ = {
			isa = XCBuildConfiguration;
			buildSettings = {
				ARCHS = "$(ONLY_ACTIVE_ARCH_PRE_XCODE_3_1)";
				GCC_WARN_ABOUT_RETURN_TYPE = YES;
				GCC_WARN_UNUSED_VARIABLE = YES;
				ONLY_ACTIVE_ARCH_PRE_XCODE_3_1 = "$(NATIVE_ARCH_ACTUAL)";
				PREBINDING = NO;
				SDKROOT = "";
				WARNING_CFLAGS = (
					"-Werror",
					"-Wall",
				);
			};
			name = Release;
		};
		E2479330114C9CC400626905 /* Debug */ = {
			isa = XCBuildConfiguration;
			buildSettings = {
				ALWAYS_SEARCH_USER_PATHS = NO;
				COPY_PHASE_STRIP = NO;
				GCC_DYNAMIC_NO_PIC = NO;
				GCC_ENABLE_FIX_AND_CONTINUE = YES;
				GCC_MODEL_TUNING = G5;
				GCC_OPTIMIZATION_LEVEL = 0;
				GCC_PRECOMPILE_PREFIX_HEADER = YES;
				GCC_PREFIX_HEADER = "$(SYSTEM_LIBRARY_DIR)/Frameworks/AppKit.framework/Headers/AppKit.h";
				INFOPLIST_FILE = "DemoApp-Info.plist";
				INSTALL_PATH = "$(HOME)/Applications";
				OTHER_LDFLAGS = (
					"-framework",
					Foundation,
					"-framework",
					AppKit,
				);
				PREBINDING = NO;
				PRODUCT_NAME = DemoApp;
			};
			name = Debug;
		};
		E2479331114C9CC400626905 /* Release */ = {
			isa = XCBuildConfiguration;
			buildSettings = {
				ALWAYS_SEARCH_USER_PATHS = NO;
				COPY_PHASE_STRIP = YES;
				DEBUG_INFORMATION_FORMAT = "dwarf-with-dsym";
				GCC_ENABLE_FIX_AND_CONTINUE = NO;
				GCC_MODEL_TUNING = G5;
				GCC_PRECOMPILE_PREFIX_HEADER = YES;
				GCC_PREFIX_HEADER = "$(SYSTEM_LIBRARY_DIR)/Frameworks/AppKit.framework/Headers/AppKit.h";
				INFOPLIST_FILE = "DemoApp-Info.plist";
				INSTALL_PATH = "$(HOME)/Applications";
				OTHER_LDFLAGS = (
					"-framework",
					Foundation,
					"-framework",
					AppKit,
				);
				PREBINDING = NO;
				PRODUCT_NAME = DemoApp;
				ZERO_LINK = NO;
			};
			name = Release;
		};
		E2905BB0114793AA00D69FE7 /* Debug */ = {
			isa = XCBuildConfiguration;
			buildSettings = {
				ALWAYS_SEARCH_USER_PATHS = NO;
				COPY_PHASE_STRIP = NO;
				FRAMEWORK_SEARCH_PATHS = "$(DEVELOPER_LIBRARY_DIR)/Frameworks";
				GCC_DYNAMIC_NO_PIC = NO;
				GCC_ENABLE_FIX_AND_CONTINUE = NO;
				GCC_ENABLE_OBJC_EXCEPTIONS = YES;
				GCC_MODEL_TUNING = G5;
				GCC_OPTIMIZATION_LEVEL = 0;
				GCC_PRECOMPILE_PREFIX_HEADER = YES;
				GCC_PREFIX_HEADER = "$(SYSTEM_LIBRARY_DIR)/Frameworks/Cocoa.framework/Headers/Cocoa.h";
				INFOPLIST_FILE = "UnitTests-Info.plist";
				INSTALL_PATH = "$(USER_LIBRARY_DIR)/Bundles";
				OTHER_LDFLAGS = (
					"-framework",
					Cocoa,
					"-framework",
					SenTestingKit,
				);
				PREBINDING = NO;
				PRODUCT_NAME = UnitTests;
				WRAPPER_EXTENSION = octest;
			};
			name = Debug;
		};
		E2905BB1114793AA00D69FE7 /* Release */ = {
			isa = XCBuildConfiguration;
			buildSettings = {
				ALWAYS_SEARCH_USER_PATHS = NO;
				COPY_PHASE_STRIP = YES;
				DEBUG_INFORMATION_FORMAT = "dwarf-with-dsym";
				FRAMEWORK_SEARCH_PATHS = "$(DEVELOPER_LIBRARY_DIR)/Frameworks";
				GCC_ENABLE_FIX_AND_CONTINUE = NO;
				GCC_ENABLE_OBJC_EXCEPTIONS = YES;
				GCC_MODEL_TUNING = G5;
				GCC_PRECOMPILE_PREFIX_HEADER = YES;
				GCC_PREFIX_HEADER = "$(SYSTEM_LIBRARY_DIR)/Frameworks/Cocoa.framework/Headers/Cocoa.h";
				INFOPLIST_FILE = "UnitTests-Info.plist";
				INSTALL_PATH = "$(USER_LIBRARY_DIR)/Bundles";
				OTHER_LDFLAGS = (
					"-framework",
					Cocoa,
					"-framework",
					SenTestingKit,
				);
				PREBINDING = NO;
				PRODUCT_NAME = UnitTests;
				WRAPPER_EXTENSION = octest;
				ZERO_LINK = NO;
			};
			name = Release;
		};
		E2F6E5821149303D00658AB2 /* Debug */ = {
			isa = XCBuildConfiguration;
			buildSettings = {
				ALWAYS_SEARCH_USER_PATHS = NO;
				COPY_PHASE_STRIP = NO;
				DYLIB_COMPATIBILITY_VERSION = 1;
				DYLIB_CURRENT_VERSION = 1;
				FRAMEWORK_VERSION = A;
				GCC_DYNAMIC_NO_PIC = NO;
				GCC_ENABLE_FIX_AND_CONTINUE = YES;
				GCC_MODEL_TUNING = G5;
				GCC_OPTIMIZATION_LEVEL = 0;
				GCC_PRECOMPILE_PREFIX_HEADER = YES;
				GCC_PREFIX_HEADER = "$(SYSTEM_LIBRARY_DIR)/Frameworks/AppKit.framework/Headers/AppKit.h";
				INFOPLIST_FILE = "AspectObjectiveC-Info.plist";
				INSTALL_PATH = "@executable_path/../Frameworks";
				OTHER_LDFLAGS = (
					"-framework",
					Foundation,
					"-framework",
					AppKit,
				);
				PREBINDING = NO;
				PRODUCT_NAME = AspectObjectiveC;
			};
			name = Debug;
		};
		E2F6E5831149303D00658AB2 /* Release */ = {
			isa = XCBuildConfiguration;
			buildSettings = {
				ALWAYS_SEARCH_USER_PATHS = NO;
				COPY_PHASE_STRIP = YES;
				DEBUG_INFORMATION_FORMAT = "dwarf-with-dsym";
				DYLIB_COMPATIBILITY_VERSION = 1;
				DYLIB_CURRENT_VERSION = 1;
				FRAMEWORK_VERSION = A;
				GCC_ENABLE_FIX_AND_CONTINUE = NO;
				GCC_MODEL_TUNING = G5;
				GCC_PRECOMPILE_PREFIX_HEADER = YES;
				GCC_PREFIX_HEADER = "$(SYSTEM_LIBRARY_DIR)/Frameworks/AppKit.framework/Headers/AppKit.h";
				INFOPLIST_FILE = "AspectObjectiveC-Info.plist";
				INSTALL_PATH = "@executable_path/../Frameworks";
				OTHER_LDFLAGS = (
					"-framework",
					Foundation,
					"-framework",
					AppKit,
				);
				PREBINDING = NO;
				PRODUCT_NAME = AspectObjectiveC;
				ZERO_LINK = NO;
			};
			name = Release;
		};
/* End XCBuildConfiguration section */

/* Begin XCConfigurationList section */
		C01FCF4E08A954540054247B /* Build configuration list for PBXProject "AspectObjectiveC" */ = {
			isa = XCConfigurationList;
			buildConfigurations = (
				C01FCF4F08A954540054247B /* Debug */,
				C01FCF5008A954540054247B /* Release */,
			);
			defaultConfigurationIsVisible = 0;
			defaultConfigurationName = Release;
		};
		E2479332114C9CC400626905 /* Build configuration list for PBXNativeTarget "DemoApp" */ = {
			isa = XCConfigurationList;
			buildConfigurations = (
				E2479330114C9CC400626905 /* Debug */,
				E2479331114C9CC400626905 /* Release */,
			);
			defaultConfigurationIsVisible = 0;
			defaultConfigurationName = Release;
		};
		E2905BB2114793AA00D69FE7 /* Build configuration list for PBXNativeTarget "UnitTests" */ = {
			isa = XCConfigurationList;
			buildConfigurations = (
				E2905BB0114793AA00D69FE7 /* Debug */,
				E2905BB1114793AA00D69FE7 /* Release */,
			);
			defaultConfigurationIsVisible = 0;
			defaultConfigurationName = Release;
		};
		E2F6E5841149303D00658AB2 /* Build configuration list for PBXNativeTarget "AspectObjectiveC" */ = {
			isa = XCConfigurationList;
			buildConfigurations = (
				E2F6E5821149303D00658AB2 /* Debug */,
				E2F6E5831149303D00658AB2 /* Release */,
			);
			defaultConfigurationIsVisible = 0;
			defaultConfigurationName = Release;
		};
/* End XCConfigurationList section */
	};
	rootObject = 29B97313FDCFA39411CA2CEA /* Project object */;
}
