// !$*UTF8*$!
{
	archiveVersion = 1;
	classes = {
	};
	objectVersion = 44;
	objects = {

/* Begin PBXAggregateTarget section */
		E2511D951163890100CFCB83 /* GenerateDocumentation */ = {
			isa = PBXAggregateTarget;
			buildConfigurationList = E2511D981163891F00CFCB83 /* Build configuration list for PBXAggregateTarget "GenerateDocumentation" */;
			buildPhases = (
				E2511D941163890100CFCB83 /* ShellScript */,
			);
			dependencies = (
			);
			name = GenerateDocumentation;
			productName = GenerateDocumentation;
		};
/* End PBXAggregateTarget section */

/* Begin PBXBuildFile section */
		E21AD50311C4A80100A8C812 /* AOC.h in Headers */ = {isa = PBXBuildFile; fileRef = E21AD50211C4A80100A8C812 /* AOC.h */; settings = {ATTRIBUTES = (Public, ); }; };
		E21AD50D11C4A88000A8C812 /* AspectObjectiveC.framework in Frameworks */ = {isa = PBXBuildFile; fileRef = E2F6E5801149303D00658AB2 /* AspectObjectiveC.framework */; };
		E21AD51811C4A89600A8C812 /* AspectObjectiveC.framework in Copy Frameworks */ = {isa = PBXBuildFile; fileRef = E2F6E5801149303D00658AB2 /* AspectObjectiveC.framework */; };
		E230014D117B4B49003346A5 /* NSScanner+AOCObjcTypeScanning.h in Headers */ = {isa = PBXBuildFile; fileRef = E230014A117B4B49003346A5 /* NSScanner+AOCObjcTypeScanning.h */; };
		E230014E117B4B49003346A5 /* NSScanner+AOCObjcTypeScanning.m in Sources */ = {isa = PBXBuildFile; fileRef = E230014B117B4B49003346A5 /* NSScanner+AOCObjcTypeScanning.m */; };
		E230014F117B4B49003346A5 /* NSScanner+AOCObjcTypeScanning.m in Sources */ = {isa = PBXBuildFile; fileRef = E230014B117B4B49003346A5 /* NSScanner+AOCObjcTypeScanning.m */; };
		E242D149115B882200BE8E66 /* AOCAdvice.m in Sources */ = {isa = PBXBuildFile; fileRef = E242D146115B882200BE8E66 /* AOCAdvice.m */; };
		E2479363114C9DB000626905 /* DemoApp.xib in Resources */ = {isa = PBXBuildFile; fileRef = E2479362114C9DB000626905 /* DemoApp.xib */; };
		E2479368114C9E2400626905 /* main.m in Sources */ = {isa = PBXBuildFile; fileRef = E2479367114C9E2400626905 /* main.m */; };
		E24E410B116B8111007B53D0 /* TestAOCAdvice.m in Sources */ = {isa = PBXBuildFile; fileRef = E24E410A116B8111007B53D0 /* TestAOCAdvice.m */; };
		E24F6ADF11486D2500201FE6 /* TestAOCMethodHooking.m in Sources */ = {isa = PBXBuildFile; fileRef = E24F6ADE11486D2500201FE6 /* TestAOCMethodHooking.m */; };
		E290215611C4AA120018053D /* AspectObjectiveC.framework in Frameworks */ = {isa = PBXBuildFile; fileRef = E2F6E5801149303D00658AB2 /* AspectObjectiveC.framework */; };
		E290216411C4AA280018053D /* AspectObjectiveC.framework in Copy Frameworks */ = {isa = PBXBuildFile; fileRef = E2F6E5801149303D00658AB2 /* AspectObjectiveC.framework */; };
		E2905BB5114793D400D69FE7 /* SenTestingKit.framework in Frameworks */ = {isa = PBXBuildFile; fileRef = E2905BB4114793D400D69FE7 /* SenTestingKit.framework */; };
		E29D0E5F11526E3C00FD6070 /* DemoAppDelegate.m in Sources */ = {isa = PBXBuildFile; fileRef = E29D0E5C11526E3C00FD6070 /* DemoAppDelegate.m */; };
		E29D0E6011526E3C00FD6070 /* HijackAdvice.m in Sources */ = {isa = PBXBuildFile; fileRef = E29D0E5E11526E3C00FD6070 /* HijackAdvice.m */; };
		E2BA572D114904520080CA2D /* TestAOCAspectManager.m in Sources */ = {isa = PBXBuildFile; fileRef = E2BA572C114904520080CA2D /* TestAOCAspectManager.m */; };
		E2BD2A1711633B4C001BCF10 /* AOCFFIInvocation.m in Sources */ = {isa = PBXBuildFile; fileRef = E2BD2A1311633B4C001BCF10 /* AOCFFIInvocation.m */; };
		E2F6E5851149317E00658AB2 /* AOCAdvice.h in Headers */ = {isa = PBXBuildFile; fileRef = E22AD4F91147DF150020D988 /* AOCAdvice.h */; settings = {ATTRIBUTES = (Public, ); }; };
		E2F6E5861149318200658AB2 /* AOCAspectManager.h in Headers */ = {isa = PBXBuildFile; fileRef = E293AB9F1147E0E600D7F9C7 /* AOCAspectManager.h */; settings = {ATTRIBUTES = (Public, ); }; };
		E2F6E5871149318D00658AB2 /* AOCAspectManager.m in Sources */ = {isa = PBXBuildFile; fileRef = E293ABA01147E0E600D7F9C7 /* AOCAspectManager.m */; };
		E2F6E5881149319000658AB2 /* AOCMethodHooking.m in Sources */ = {isa = PBXBuildFile; fileRef = E293ABB81147E96E00D7F9C7 /* AOCMethodHooking.m */; };
		E2F6E5891149319300658AB2 /* AOCError.m in Sources */ = {isa = PBXBuildFile; fileRef = E2BA921911484FC00068257E /* AOCError.m */; };
		E2FBC39D116380CC0022C38A /* AOCFFIInvocation.h in Headers */ = {isa = PBXBuildFile; fileRef = E2BD2A1211633B4C001BCF10 /* AOCFFIInvocation.h */; };
		E2FBC39E116380CD0022C38A /* AOCError.h in Headers */ = {isa = PBXBuildFile; fileRef = E2BA921811484FC00068257E /* AOCError.h */; };
		E2FBC39F116380CE0022C38A /* AOCInvocationProtocol.h in Headers */ = {isa = PBXBuildFile; fileRef = E2BD2A1811633BE1001BCF10 /* AOCInvocationProtocol.h */; settings = {ATTRIBUTES = (Public, ); }; };
		E2FBC3A0116380CE0022C38A /* AOCMethodHooking.h in Headers */ = {isa = PBXBuildFile; fileRef = E293ABB71147E96E00D7F9C7 /* AOCMethodHooking.h */; settings = {ATTRIBUTES = (Public, ); }; };
		E2FC137C1162321500A17133 /* libffi.5.dylib in Frameworks */ = {isa = PBXBuildFile; fileRef = E2FC1379116231FE00A17133 /* libffi.5.dylib */; };
/* End PBXBuildFile section */

/* Begin PBXContainerItemProxy section */
		E21AD52211C4A8AB00A8C812 /* PBXContainerItemProxy */ = {
			isa = PBXContainerItemProxy;
			containerPortal = 29B97313FDCFA39411CA2CEA /* Project object */;
			proxyType = 1;
			remoteGlobalIDString = E2F6E57F1149303D00658AB2;
			remoteInfo = AspectObjectiveC;
		};
		E290218611C4AA410018053D /* PBXContainerItemProxy */ = {
			isa = PBXContainerItemProxy;
			containerPortal = 29B97313FDCFA39411CA2CEA /* Project object */;
			proxyType = 1;
			remoteGlobalIDString = E2F6E57F1149303D00658AB2;
			remoteInfo = AspectObjectiveC;
		};
/* End PBXContainerItemProxy section */

/* Begin PBXCopyFilesBuildPhase section */
		E21AD52A11C4A8CA00A8C812 /* Copy Frameworks */ = {
			isa = PBXCopyFilesBuildPhase;
			buildActionMask = 2147483647;
			dstPath = "";
			dstSubfolderSpec = 10;
			files = (
				E21AD51811C4A89600A8C812 /* AspectObjectiveC.framework in Copy Frameworks */,
			);
			name = "Copy Frameworks";
			runOnlyForDeploymentPostprocessing = 0;
		};
		E290218311C4AA2B0018053D /* Copy Frameworks */ = {
			isa = PBXCopyFilesBuildPhase;
			buildActionMask = 2147483647;
			dstPath = "";
			dstSubfolderSpec = 10;
			files = (
				E290216411C4AA280018053D /* AspectObjectiveC.framework in Copy Frameworks */,
			);
			name = "Copy Frameworks";
			runOnlyForDeploymentPostprocessing = 0;
		};
		E2F6E59A1149320700658AB2 /* CopyFiles */ = {
			isa = PBXCopyFilesBuildPhase;
			buildActionMask = 2147483647;
			dstPath = "";
			dstSubfolderSpec = 7;
			files = (
			);
			runOnlyForDeploymentPostprocessing = 0;
		};
/* End PBXCopyFilesBuildPhase section */

/* Begin PBXFileReference section */
		1058C7A1FEA54F0111CA2CBB /* Cocoa.framework */ = {isa = PBXFileReference; lastKnownFileType = wrapper.framework; name = Cocoa.framework; path = /System/Library/Frameworks/Cocoa.framework; sourceTree = "<absolute>"; };
		13E42FB307B3F0F600E4EEF1 /* CoreData.framework */ = {isa = PBXFileReference; lastKnownFileType = wrapper.framework; name = CoreData.framework; path = /System/Library/Frameworks/CoreData.framework; sourceTree = "<absolute>"; };
		29B97324FDCFA39411CA2CEA /* AppKit.framework */ = {isa = PBXFileReference; lastKnownFileType = wrapper.framework; name = AppKit.framework; path = /System/Library/Frameworks/AppKit.framework; sourceTree = "<absolute>"; };
		29B97325FDCFA39411CA2CEA /* Foundation.framework */ = {isa = PBXFileReference; lastKnownFileType = wrapper.framework; name = Foundation.framework; path = /System/Library/Frameworks/Foundation.framework; sourceTree = "<absolute>"; };
		E21AD50211C4A80100A8C812 /* AOC.h */ = {isa = PBXFileReference; fileEncoding = 4; lastKnownFileType = sourcecode.c.h; path = AOC.h; sourceTree = "<group>"; };
		E22AD4F91147DF150020D988 /* AOCAdvice.h */ = {isa = PBXFileReference; fileEncoding = 4; lastKnownFileType = sourcecode.c.h; path = AOCAdvice.h; sourceTree = "<group>"; };
		E230014A117B4B49003346A5 /* NSScanner+AOCObjcTypeScanning.h */ = {isa = PBXFileReference; fileEncoding = 4; lastKnownFileType = sourcecode.c.h; path = "NSScanner+AOCObjcTypeScanning.h"; sourceTree = "<group>"; };
		E230014B117B4B49003346A5 /* NSScanner+AOCObjcTypeScanning.m */ = {isa = PBXFileReference; fileEncoding = 4; lastKnownFileType = sourcecode.c.objc; path = "NSScanner+AOCObjcTypeScanning.m"; sourceTree = "<group>"; };
		E242D146115B882200BE8E66 /* AOCAdvice.m */ = {isa = PBXFileReference; fileEncoding = 4; lastKnownFileType = sourcecode.c.objc; path = AOCAdvice.m; sourceTree = "<group>"; };
		E247932D114C9CC300626905 /* DemoApp.app */ = {isa = PBXFileReference; explicitFileType = wrapper.application; includeInIndex = 0; path = DemoApp.app; sourceTree = BUILT_PRODUCTS_DIR; };
		E247932F114C9CC300626905 /* DemoApp-Info.plist */ = {isa = PBXFileReference; lastKnownFileType = text.plist.xml; path = "DemoApp-Info.plist"; sourceTree = "<group>"; };
		E2479362114C9DB000626905 /* DemoApp.xib */ = {isa = PBXFileReference; lastKnownFileType = file.xib; path = DemoApp.xib; sourceTree = "<group>"; };
		E2479367114C9E2400626905 /* main.m */ = {isa = PBXFileReference; fileEncoding = 4; lastKnownFileType = sourcecode.c.objc; path = main.m; sourceTree = "<group>"; };
		E24A50071150C40A00EFB201 /* generate_method_hooking_tests.rb */ = {isa = PBXFileReference; fileEncoding = 4; lastKnownFileType = text.script.ruby; path = generate_method_hooking_tests.rb; sourceTree = "<group>"; };
		E24A50081150C40A00EFB201 /* insert_method_hooking_tests.rb */ = {isa = PBXFileReference; fileEncoding = 4; lastKnownFileType = text.script.ruby; path = insert_method_hooking_tests.rb; sourceTree = "<group>"; };
		E24E4109116B8111007B53D0 /* TestAOCAdvice.h */ = {isa = PBXFileReference; fileEncoding = 4; lastKnownFileType = sourcecode.c.h; path = TestAOCAdvice.h; sourceTree = "<group>"; };
		E24E410A116B8111007B53D0 /* TestAOCAdvice.m */ = {isa = PBXFileReference; fileEncoding = 4; lastKnownFileType = sourcecode.c.objc; path = TestAOCAdvice.m; sourceTree = "<group>"; };
		E24F6ADD11486D2500201FE6 /* TestAOCMethodHooking.h */ = {isa = PBXFileReference; fileEncoding = 4; lastKnownFileType = sourcecode.c.h; path = TestAOCMethodHooking.h; sourceTree = "<group>"; };
		E24F6ADE11486D2500201FE6 /* TestAOCMethodHooking.m */ = {isa = PBXFileReference; fileEncoding = 4; lastKnownFileType = sourcecode.c.objc; path = TestAOCMethodHooking.m; sourceTree = "<group>"; };
		E2905BAE114793AA00D69FE7 /* UnitTests.octest */ = {isa = PBXFileReference; explicitFileType = wrapper.cfbundle; includeInIndex = 0; path = UnitTests.octest; sourceTree = BUILT_PRODUCTS_DIR; };
		E2905BAF114793AA00D69FE7 /* UnitTests-Info.plist */ = {isa = PBXFileReference; lastKnownFileType = text.plist.xml; path = "UnitTests-Info.plist"; sourceTree = "<group>"; };
		E2905BB4114793D400D69FE7 /* SenTestingKit.framework */ = {isa = PBXFileReference; lastKnownFileType = wrapper.framework; name = SenTestingKit.framework; path = Library/Frameworks/SenTestingKit.framework; sourceTree = DEVELOPER_DIR; };
		E293AB9F1147E0E600D7F9C7 /* AOCAspectManager.h */ = {isa = PBXFileReference; fileEncoding = 4; lastKnownFileType = sourcecode.c.h; path = AOCAspectManager.h; sourceTree = "<group>"; };
		E293ABA01147E0E600D7F9C7 /* AOCAspectManager.m */ = {isa = PBXFileReference; fileEncoding = 4; lastKnownFileType = sourcecode.c.objc; path = AOCAspectManager.m; sourceTree = "<group>"; };
		E293ABB71147E96E00D7F9C7 /* AOCMethodHooking.h */ = {isa = PBXFileReference; fileEncoding = 4; lastKnownFileType = sourcecode.c.h; path = AOCMethodHooking.h; sourceTree = "<group>"; };
		E293ABB81147E96E00D7F9C7 /* AOCMethodHooking.m */ = {isa = PBXFileReference; fileEncoding = 4; lastKnownFileType = sourcecode.c.objc; path = AOCMethodHooking.m; sourceTree = "<group>"; };
		E29D0E5B11526E3C00FD6070 /* DemoAppDelegate.h */ = {isa = PBXFileReference; fileEncoding = 4; lastKnownFileType = sourcecode.c.h; path = DemoAppDelegate.h; sourceTree = "<group>"; };
		E29D0E5C11526E3C00FD6070 /* DemoAppDelegate.m */ = {isa = PBXFileReference; fileEncoding = 4; lastKnownFileType = sourcecode.c.objc; path = DemoAppDelegate.m; sourceTree = "<group>"; };
		E29D0E5D11526E3C00FD6070 /* HijackAdvice.h */ = {isa = PBXFileReference; fileEncoding = 4; lastKnownFileType = sourcecode.c.h; path = HijackAdvice.h; sourceTree = "<group>"; };
		E29D0E5E11526E3C00FD6070 /* HijackAdvice.m */ = {isa = PBXFileReference; fileEncoding = 4; lastKnownFileType = sourcecode.c.objc; path = HijackAdvice.m; sourceTree = "<group>"; };
		E2BA572B114904520080CA2D /* TestAOCAspectManager.h */ = {isa = PBXFileReference; fileEncoding = 4; lastKnownFileType = sourcecode.c.h; path = TestAOCAspectManager.h; sourceTree = "<group>"; };
		E2BA572C114904520080CA2D /* TestAOCAspectManager.m */ = {isa = PBXFileReference; fileEncoding = 4; lastKnownFileType = sourcecode.c.objc; path = TestAOCAspectManager.m; sourceTree = "<group>"; };
		E2BA921811484FC00068257E /* AOCError.h */ = {isa = PBXFileReference; fileEncoding = 4; lastKnownFileType = sourcecode.c.h; path = AOCError.h; sourceTree = "<group>"; };
		E2BA921911484FC00068257E /* AOCError.m */ = {isa = PBXFileReference; fileEncoding = 4; lastKnownFileType = sourcecode.c.objc; path = AOCError.m; sourceTree = "<group>"; };
		E2BD2A1211633B4C001BCF10 /* AOCFFIInvocation.h */ = {isa = PBXFileReference; fileEncoding = 4; lastKnownFileType = sourcecode.c.h; path = AOCFFIInvocation.h; sourceTree = "<group>"; };
		E2BD2A1311633B4C001BCF10 /* AOCFFIInvocation.m */ = {isa = PBXFileReference; fileEncoding = 4; lastKnownFileType = sourcecode.c.objc; path = AOCFFIInvocation.m; sourceTree = "<group>"; };
		E2BD2A1811633BE1001BCF10 /* AOCInvocationProtocol.h */ = {isa = PBXFileReference; fileEncoding = 4; lastKnownFileType = sourcecode.c.h; path = AOCInvocationProtocol.h; sourceTree = "<group>"; };
		E2F6E5801149303D00658AB2 /* AspectObjectiveC.framework */ = {isa = PBXFileReference; explicitFileType = wrapper.framework; includeInIndex = 0; path = AspectObjectiveC.framework; sourceTree = BUILT_PRODUCTS_DIR; };
		E2F6E5811149303D00658AB2 /* AspectObjectiveC-Info.plist */ = {isa = PBXFileReference; lastKnownFileType = text.plist.xml; path = "AspectObjectiveC-Info.plist"; sourceTree = "<group>"; };
		E2FC1377116231FE00A17133 /* ffi.h */ = {isa = PBXFileReference; fileEncoding = 4; lastKnownFileType = sourcecode.c.h; path = ffi.h; sourceTree = "<group>"; };
		E2FC1378116231FE00A17133 /* ffitarget.h */ = {isa = PBXFileReference; fileEncoding = 4; lastKnownFileType = sourcecode.c.h; path = ffitarget.h; sourceTree = "<group>"; };
		E2FC1379116231FE00A17133 /* libffi.5.dylib */ = {isa = PBXFileReference; lastKnownFileType = "compiled.mach-o.dylib"; path = libffi.5.dylib; sourceTree = "<group>"; };
		E2FC137A116231FE00A17133 /* LICENSE */ = {isa = PBXFileReference; fileEncoding = 4; lastKnownFileType = text; path = LICENSE; sourceTree = "<group>"; };
/* End PBXFileReference section */

/* Begin PBXFrameworksBuildPhase section */
		E247932B114C9CC300626905 /* Frameworks */ = {
			isa = PBXFrameworksBuildPhase;
			buildActionMask = 2147483647;
			files = (
				E21AD50D11C4A88000A8C812 /* AspectObjectiveC.framework in Frameworks */,
			);
			runOnlyForDeploymentPostprocessing = 0;
		};
		E2905BAB114793AA00D69FE7 /* Frameworks */ = {
			isa = PBXFrameworksBuildPhase;
			buildActionMask = 2147483647;
			files = (
				E290215611C4AA120018053D /* AspectObjectiveC.framework in Frameworks */,
				E2905BB5114793D400D69FE7 /* SenTestingKit.framework in Frameworks */,
			);
			runOnlyForDeploymentPostprocessing = 0;
		};
		E2F6E57E1149303D00658AB2 /* Frameworks */ = {
			isa = PBXFrameworksBuildPhase;
			buildActionMask = 2147483647;
			files = (
				E2FC137C1162321500A17133 /* libffi.5.dylib in Frameworks */,
			);
			runOnlyForDeploymentPostprocessing = 0;
		};
/* End PBXFrameworksBuildPhase section */

/* Begin PBXGroup section */
		1058C7A0FEA54F0111CA2CBB /* Linked Frameworks */ = {
			isa = PBXGroup;
			children = (
				1058C7A1FEA54F0111CA2CBB /* Cocoa.framework */,
				E2905BB4114793D400D69FE7 /* SenTestingKit.framework */,
			);
			name = "Linked Frameworks";
			sourceTree = "<group>";
		};
		1058C7A2FEA54F0111CA2CBB /* Other Frameworks */ = {
			isa = PBXGroup;
			children = (
				29B97324FDCFA39411CA2CEA /* AppKit.framework */,
				13E42FB307B3F0F600E4EEF1 /* CoreData.framework */,
				29B97325FDCFA39411CA2CEA /* Foundation.framework */,
			);
			name = "Other Frameworks";
			sourceTree = "<group>";
		};
		19C28FACFE9D520D11CA2CBB /* Products */ = {
			isa = PBXGroup;
			children = (
				E2905BAE114793AA00D69FE7 /* UnitTests.octest */,
				E2F6E5801149303D00658AB2 /* AspectObjectiveC.framework */,
				E247932D114C9CC300626905 /* DemoApp.app */,
			);
			name = Products;
			sourceTree = "<group>";
		};
		29B97314FDCFA39411CA2CEA /* AspectObjectiveC */ = {
			isa = PBXGroup;
			children = (
				E2905BB81147942200D69FE7 /* src */,
				E2905BB91147942200D69FE7 /* tests */,
				E247935D114C9D5800626905 /* DemoApp */,
				E2FC1375116231FE00A17133 /* thirdparty */,
				29B97323FDCFA39411CA2CEA /* Frameworks */,
				19C28FACFE9D520D11CA2CBB /* Products */,
				E2905BAF114793AA00D69FE7 /* UnitTests-Info.plist */,
				E2F6E5811149303D00658AB2 /* AspectObjectiveC-Info.plist */,
				E247932F114C9CC300626905 /* DemoApp-Info.plist */,
			);
			name = AspectObjectiveC;
			sourceTree = "<group>";
		};
		29B97323FDCFA39411CA2CEA /* Frameworks */ = {
			isa = PBXGroup;
			children = (
				1058C7A0FEA54F0111CA2CBB /* Linked Frameworks */,
				1058C7A2FEA54F0111CA2CBB /* Other Frameworks */,
			);
			name = Frameworks;
			sourceTree = "<group>";
		};
		E247935D114C9D5800626905 /* DemoApp */ = {
			isa = PBXGroup;
			children = (
				E2479362114C9DB000626905 /* DemoApp.xib */,
				E29D0E5B11526E3C00FD6070 /* DemoAppDelegate.h */,
				E29D0E5C11526E3C00FD6070 /* DemoAppDelegate.m */,
				E29D0E5D11526E3C00FD6070 /* HijackAdvice.h */,
				E29D0E5E11526E3C00FD6070 /* HijackAdvice.m */,
				E2479367114C9E2400626905 /* main.m */,
			);
			path = DemoApp;
			sourceTree = "<group>";
		};
		E2905BB81147942200D69FE7 /* src */ = {
			isa = PBXGroup;
			children = (
				E21AD50211C4A80100A8C812 /* AOC.h */,
				E22AD4F91147DF150020D988 /* AOCAdvice.h */,
				E242D146115B882200BE8E66 /* AOCAdvice.m */,
				E293AB9F1147E0E600D7F9C7 /* AOCAspectManager.h */,
				E293ABA01147E0E600D7F9C7 /* AOCAspectManager.m */,
				E2BA921811484FC00068257E /* AOCError.h */,
				E2BA921911484FC00068257E /* AOCError.m */,
				E293ABB71147E96E00D7F9C7 /* AOCMethodHooking.h */,
				E293ABB81147E96E00D7F9C7 /* AOCMethodHooking.m */,
				E2BD2A1211633B4C001BCF10 /* AOCFFIInvocation.h */,
				E2BD2A1311633B4C001BCF10 /* AOCFFIInvocation.m */,
				E2BD2A1811633BE1001BCF10 /* AOCInvocationProtocol.h */,
				E230014A117B4B49003346A5 /* NSScanner+AOCObjcTypeScanning.h */,
				E230014B117B4B49003346A5 /* NSScanner+AOCObjcTypeScanning.m */,
			);
			path = src;
			sourceTree = "<group>";
		};
		E2905BB91147942200D69FE7 /* tests */ = {
			isa = PBXGroup;
			children = (
				E24A50071150C40A00EFB201 /* generate_method_hooking_tests.rb */,
				E24A50081150C40A00EFB201 /* insert_method_hooking_tests.rb */,
				E24F6ADD11486D2500201FE6 /* TestAOCMethodHooking.h */,
				E24F6ADE11486D2500201FE6 /* TestAOCMethodHooking.m */,
				E2BA572B114904520080CA2D /* TestAOCAspectManager.h */,
				E2BA572C114904520080CA2D /* TestAOCAspectManager.m */,
				E24E4109116B8111007B53D0 /* TestAOCAdvice.h */,
				E24E410A116B8111007B53D0 /* TestAOCAdvice.m */,
			);
			path = tests;
			sourceTree = "<group>";
		};
		E2FC1375116231FE00A17133 /* thirdparty */ = {
			isa = PBXGroup;
			children = (
				E2FC1376116231FE00A17133 /* libffi */,
			);
			path = thirdparty;
			sourceTree = "<group>";
		};
		E2FC1376116231FE00A17133 /* libffi */ = {
			isa = PBXGroup;
			children = (
				E2FC1377116231FE00A17133 /* ffi.h */,
				E2FC1378116231FE00A17133 /* ffitarget.h */,
				E2FC1379116231FE00A17133 /* libffi.5.dylib */,
				E2FC137A116231FE00A17133 /* LICENSE */,
			);
			path = libffi;
			sourceTree = "<group>";
		};
/* End PBXGroup section */

/* Begin PBXHeadersBuildPhase section */
		E2F6E57B1149303D00658AB2 /* Headers */ = {
			isa = PBXHeadersBuildPhase;
			buildActionMask = 2147483647;
			files = (
				E2F6E5851149317E00658AB2 /* AOCAdvice.h in Headers */,
				E2F6E5861149318200658AB2 /* AOCAspectManager.h in Headers */,
				E2FBC39D116380CC0022C38A /* AOCFFIInvocation.h in Headers */,
				E2FBC39E116380CD0022C38A /* AOCError.h in Headers */,
				E2FBC39F116380CE0022C38A /* AOCInvocationProtocol.h in Headers */,
				E2FBC3A0116380CE0022C38A /* AOCMethodHooking.h in Headers */,
				E230014D117B4B49003346A5 /* NSScanner+AOCObjcTypeScanning.h in Headers */,
				E21AD50311C4A80100A8C812 /* AOC.h in Headers */,
			);
			runOnlyForDeploymentPostprocessing = 0;
		};
/* End PBXHeadersBuildPhase section */

/* Begin PBXNativeTarget section */
		E247932C114C9CC300626905 /* DemoApp */ = {
			isa = PBXNativeTarget;
			buildConfigurationList = E2479332114C9CC400626905 /* Build configuration list for PBXNativeTarget "DemoApp" */;
			buildPhases = (
				E2479329114C9CC300626905 /* Resources */,
				E247932A114C9CC300626905 /* Sources */,
				E247932B114C9CC300626905 /* Frameworks */,
				E21AD52A11C4A8CA00A8C812 /* Copy Frameworks */,
			);
			buildRules = (
			);
			dependencies = (
				E21AD52311C4A8AB00A8C812 /* PBXTargetDependency */,
			);
			name = DemoApp;
			productName = DemoApp;
			productReference = E247932D114C9CC300626905 /* DemoApp.app */;
			productType = "com.apple.product-type.application";
		};
		E2905BAD114793AA00D69FE7 /* UnitTests */ = {
			isa = PBXNativeTarget;
			buildConfigurationList = E2905BB2114793AA00D69FE7 /* Build configuration list for PBXNativeTarget "UnitTests" */;
			buildPhases = (
				E24A4FF81150C30500EFB201 /* ShellScript */,
				E2905BA9114793AA00D69FE7 /* Resources */,
				E2905BAA114793AA00D69FE7 /* Sources */,
				E2905BAB114793AA00D69FE7 /* Frameworks */,
				E290218311C4AA2B0018053D /* Copy Frameworks */,
				E2905BAC114793AA00D69FE7 /* ShellScript */,
			);
			buildRules = (
			);
			dependencies = (
				E290218711C4AA410018053D /* PBXTargetDependency */,
			);
			name = UnitTests;
			productName = UnitTests;
			productReference = E2905BAE114793AA00D69FE7 /* UnitTests.octest */;
			productType = "com.apple.product-type.bundle";
		};
		E2F6E57F1149303D00658AB2 /* AspectObjectiveC */ = {
			isa = PBXNativeTarget;
			buildConfigurationList = E2F6E5841149303D00658AB2 /* Build configuration list for PBXNativeTarget "AspectObjectiveC" */;
			buildPhases = (
				E2F6E57B1149303D00658AB2 /* Headers */,
				E2F6E57C1149303D00658AB2 /* Resources */,
				E2F6E57D1149303D00658AB2 /* Sources */,
				E2F6E57E1149303D00658AB2 /* Frameworks */,
				E2F6E59A1149320700658AB2 /* CopyFiles */,
			);
			buildRules = (
			);
			dependencies = (
			);
			name = AspectObjectiveC;
			productName = AspectObjectiveC;
			productReference = E2F6E5801149303D00658AB2 /* AspectObjectiveC.framework */;
			productType = "com.apple.product-type.framework";
		};
/* End PBXNativeTarget section */

/* Begin PBXProject section */
		29B97313FDCFA39411CA2CEA /* Project object */ = {
			isa = PBXProject;
			buildConfigurationList = C01FCF4E08A954540054247B /* Build configuration list for PBXProject "AspectObjectiveC" */;
			compatibilityVersion = "Xcode 3.0";
			hasScannedForEncodings = 1;
			mainGroup = 29B97314FDCFA39411CA2CEA /* AspectObjectiveC */;
			projectDirPath = "";
			projectRoot = "";
			targets = (
				E2905BAD114793AA00D69FE7 /* UnitTests */,
				E2F6E57F1149303D00658AB2 /* AspectObjectiveC */,
				E247932C114C9CC300626905 /* DemoApp */,
				E2511D951163890100CFCB83 /* GenerateDocumentation */,
			);
		};
/* End PBXProject section */

/* Begin PBXResourcesBuildPhase section */
		E2479329114C9CC300626905 /* Resources */ = {
			isa = PBXResourcesBuildPhase;
			buildActionMask = 2147483647;
			files = (
				E2479363114C9DB000626905 /* DemoApp.xib in Resources */,
			);
			runOnlyForDeploymentPostprocessing = 0;
		};
		E2905BA9114793AA00D69FE7 /* Resources */ = {
			isa = PBXResourcesBuildPhase;
			buildActionMask = 2147483647;
			files = (
			);
			runOnlyForDeploymentPostprocessing = 0;
		};
		E2F6E57C1149303D00658AB2 /* Resources */ = {
			isa = PBXResourcesBuildPhase;
			buildActionMask = 2147483647;
			files = (
			);
			runOnlyForDeploymentPostprocessing = 0;
		};
/* End PBXResourcesBuildPhase section */

/* Begin PBXShellScriptBuildPhase section */
		E24A4FF81150C30500EFB201 /* ShellScript */ = {
			isa = PBXShellScriptBuildPhase;
			buildActionMask = 12;
			files = (
			);
			inputPaths = (
			);
			outputPaths = (
			);
			runOnlyForDeploymentPostprocessing = 0;
			shellPath = /bin/sh;
			shellScript = "ruby ${PROJECT_DIR}/tests/generate_method_hooking_tests.rb | ruby ${PROJECT_DIR}/tests/insert_method_hooking_tests.rb ${PROJECT_DIR}/tests/TestAOCMethodHooking.m";
		};
		E2511D941163890100CFCB83 /* ShellScript */ = {
			isa = PBXShellScriptBuildPhase;
			buildActionMask = 2147483647;
			files = (
			);
			inputPaths = (
			);
			outputPaths = (
			);
			runOnlyForDeploymentPostprocessing = 0;
			shellPath = /bin/sh;
			shellScript = "cd \"${PROJECT_DIR}/doc/\"\nrm -Rf html\n$DOXYGEN_PATH Doxyfile\ncd html\nmake\nrm -Rf ../com.tomdalling.AspectObjectiveC.docset\nmv com.tomdalling.AspectObjectiveC.docset ../";
		};
		E2905BAC114793AA00D69FE7 /* ShellScript */ = {
			isa = PBXShellScriptBuildPhase;
			buildActionMask = 2147483647;
			files = (
			);
			inputPaths = (
			);
			outputPaths = (
			);
			runOnlyForDeploymentPostprocessing = 0;
			shellPath = /bin/sh;
			shellScript = "# Run the unit tests in this test bundle.\n\"${SYSTEM_DEVELOPER_DIR}/Tools/RunUnitTests\"\n";
		};
/* End PBXShellScriptBuildPhase section */

/* Begin PBXSourcesBuildPhase section */
		E247932A114C9CC300626905 /* Sources */ = {
			isa = PBXSourcesBuildPhase;
			buildActionMask = 2147483647;
			files = (
				E2479368114C9E2400626905 /* main.m in Sources */,
				E29D0E5F11526E3C00FD6070 /* DemoAppDelegate.m in Sources */,
				E29D0E6011526E3C00FD6070 /* HijackAdvice.m in Sources */,
				E230014F117B4B49003346A5 /* NSScanner+AOCObjcTypeScanning.m in Sources */,
			);
			runOnlyForDeploymentPostprocessing = 0;
		};
		E2905BAA114793AA00D69FE7 /* Sources */ = {
			isa = PBXSourcesBuildPhase;
			buildActionMask = 2147483647;
			files = (
				E24F6ADF11486D2500201FE6 /* TestAOCMethodHooking.m in Sources */,
				E2BA572D114904520080CA2D /* TestAOCAspectManager.m in Sources */,
				E24E410B116B8111007B53D0 /* TestAOCAdvice.m in Sources */,
			);
			runOnlyForDeploymentPostprocessing = 0;
		};
		E2F6E57D1149303D00658AB2 /* Sources */ = {
			isa = PBXSourcesBuildPhase;
			buildActionMask = 2147483647;
			files = (
				E2F6E5891149319300658AB2 /* AOCError.m in Sources */,
				E2F6E5881149319000658AB2 /* AOCMethodHooking.m in Sources */,
				E2F6E5871149318D00658AB2 /* AOCAspectManager.m in Sources */,
				E242D149115B882200BE8E66 /* AOCAdvice.m in Sources */,
				E2BD2A1711633B4C001BCF10 /* AOCFFIInvocation.m in Sources */,
				E230014E117B4B49003346A5 /* NSScanner+AOCObjcTypeScanning.m in Sources */,
			);
			runOnlyForDeploymentPostprocessing = 0;
		};
/* End PBXSourcesBuildPhase section */

/* Begin PBXTargetDependency section */
		E21AD52311C4A8AB00A8C812 /* PBXTargetDependency */ = {
			isa = PBXTargetDependency;
			target = E2F6E57F1149303D00658AB2 /* AspectObjectiveC */;
			targetProxy = E21AD52211C4A8AB00A8C812 /* PBXContainerItemProxy */;
		};
		E290218711C4AA410018053D /* PBXTargetDependency */ = {
			isa = PBXTargetDependency;
			target = E2F6E57F1149303D00658AB2 /* AspectObjectiveC */;
			targetProxy = E290218611C4AA410018053D /* PBXContainerItemProxy */;
		};
/* End PBXTargetDependency section */

/* Begin XCBuildConfiguration section */
		C01FCF4F08A954540054247B /* Debug */ = {
			isa = XCBuildConfiguration;
			buildSettings = {
				ARCHS = (
					x86_64,
					i386,
				);
				GCC_WARN_ABOUT_RETURN_TYPE = YES;
				GCC_WARN_UNUSED_VARIABLE = YES;
				PREBINDING = NO;
				SDKROOT = "";
				WARNING_CFLAGS = (
					"-Werror",
					"-Wall",
				);
			};
			name = Debug;
		};
		C01FCF5008A954540054247B /* Release */ = {
			isa = XCBuildConfiguration;
			buildSettings = {
				ARCHS = (
					x86_64,
					i386,
				);
				GCC_WARN_ABOUT_RETURN_TYPE = YES;
				GCC_WARN_UNUSED_VARIABLE = YES;
				PREBINDING = NO;
				SDKROOT = "";
				WARNING_CFLAGS = (
					"-Werror",
					"-Wall",
				);
			};
			name = Release;
		};
		E2479330114C9CC400626905 /* Debug */ = {
			isa = XCBuildConfiguration;
			buildSettings = {
				ALWAYS_SEARCH_USER_PATHS = NO;
				COPY_PHASE_STRIP = NO;
				GCC_DYNAMIC_NO_PIC = NO;
				GCC_ENABLE_FIX_AND_CONTINUE = YES;
				GCC_MODEL_TUNING = G5;
				GCC_OPTIMIZATION_LEVEL = 0;
				GCC_PRECOMPILE_PREFIX_HEADER = YES;
				GCC_PREFIX_HEADER = "$(SYSTEM_LIBRARY_DIR)/Frameworks/AppKit.framework/Headers/AppKit.h";
				INFOPLIST_FILE = "DemoApp-Info.plist";
				INSTALL_PATH = "$(HOME)/Applications";
				LIBRARY_SEARCH_PATHS = (
					"$(inherited)",
					"\"$(SRCROOT)/thirdparty/libffi\"",
				);
				OTHER_LDFLAGS = (
					"-framework",
					Foundation,
					"-framework",
					AppKit,
				);
				PREBINDING = NO;
				PRODUCT_NAME = DemoApp;
			};
			name = Debug;
		};
		E2479331114C9CC400626905 /* Release */ = {
			isa = XCBuildConfiguration;
			buildSettings = {
				ALWAYS_SEARCH_USER_PATHS = NO;
				COPY_PHASE_STRIP = YES;
				DEBUG_INFORMATION_FORMAT = "dwarf-with-dsym";
				GCC_ENABLE_FIX_AND_CONTINUE = NO;
				GCC_MODEL_TUNING = G5;
				GCC_PRECOMPILE_PREFIX_HEADER = YES;
				GCC_PREFIX_HEADER = "$(SYSTEM_LIBRARY_DIR)/Frameworks/AppKit.framework/Headers/AppKit.h";
				INFOPLIST_FILE = "DemoApp-Info.plist";
				INSTALL_PATH = "$(HOME)/Applications";
				LIBRARY_SEARCH_PATHS = (
					"$(inherited)",
					"\"$(SRCROOT)/thirdparty/libffi\"",
				);
				OTHER_LDFLAGS = (
					"-framework",
					Foundation,
					"-framework",
					AppKit,
				);
				PREBINDING = NO;
				PRODUCT_NAME = DemoApp;
				ZERO_LINK = NO;
			};
			name = Release;
		};
		E2511D961163890100CFCB83 /* Debug */ = {
			isa = XCBuildConfiguration;
			buildSettings = {
				COPY_PHASE_STRIP = NO;
				DOXYGEN_PATH = /Applications/Doxygen.app/Contents/Resources/doxygen;
				GCC_DYNAMIC_NO_PIC = NO;
				GCC_OPTIMIZATION_LEVEL = 0;
				PRODUCT_NAME = GenerateDocumentation;
			};
			name = Debug;
		};
		E2511D971163890100CFCB83 /* Release */ = {
			isa = XCBuildConfiguration;
			buildSettings = {
				COPY_PHASE_STRIP = YES;
				DEBUG_INFORMATION_FORMAT = "dwarf-with-dsym";
				DOXYGEN_PATH = /Applications/Doxygen.app/Contents/Resources/doxygen;
				GCC_ENABLE_FIX_AND_CONTINUE = NO;
				PRODUCT_NAME = GenerateDocumentation;
				ZERO_LINK = NO;
			};
			name = Release;
		};
		E2905BB0114793AA00D69FE7 /* Debug */ = {
			isa = XCBuildConfiguration;
			buildSettings = {
				ALWAYS_SEARCH_USER_PATHS = NO;
				COPY_PHASE_STRIP = NO;
				FRAMEWORK_SEARCH_PATHS = "$(DEVELOPER_LIBRARY_DIR)/Frameworks";
				GCC_DYNAMIC_NO_PIC = NO;
				GCC_ENABLE_FIX_AND_CONTINUE = NO;
				GCC_ENABLE_OBJC_EXCEPTIONS = YES;
				GCC_MODEL_TUNING = G5;
				GCC_OPTIMIZATION_LEVEL = 0;
				GCC_PRECOMPILE_PREFIX_HEADER = YES;
				GCC_PREFIX_HEADER = "$(SYSTEM_LIBRARY_DIR)/Frameworks/Cocoa.framework/Headers/Cocoa.h";
				INFOPLIST_FILE = "UnitTests-Info.plist";
				INSTALL_PATH = "$(USER_LIBRARY_DIR)/Bundles";
				LIBRARY_SEARCH_PATHS = (
					"$(inherited)",
					"\"$(SRCROOT)/thirdparty/libffi\"",
				);
				OTHER_LDFLAGS = (
					"-framework",
					Cocoa,
					"-framework",
					SenTestingKit,
				);
				PREBINDING = NO;
				PRODUCT_NAME = UnitTests;
				WRAPPER_EXTENSION = octest;
			};
			name = Debug;
		};
		E2905BB1114793AA00D69FE7 /* Release */ = {
			isa = XCBuildConfiguration;
			buildSettings = {
				ALWAYS_SEARCH_USER_PATHS = NO;
				COPY_PHASE_STRIP = YES;
				DEBUG_INFORMATION_FORMAT = "dwarf-with-dsym";
				FRAMEWORK_SEARCH_PATHS = "$(DEVELOPER_LIBRARY_DIR)/Frameworks";
				GCC_ENABLE_FIX_AND_CONTINUE = NO;
				GCC_ENABLE_OBJC_EXCEPTIONS = YES;
				GCC_MODEL_TUNING = G5;
				GCC_PRECOMPILE_PREFIX_HEADER = YES;
				GCC_PREFIX_HEADER = "$(SYSTEM_LIBRARY_DIR)/Frameworks/Cocoa.framework/Headers/Cocoa.h";
				INFOPLIST_FILE = "UnitTests-Info.plist";
				INSTALL_PATH = "$(USER_LIBRARY_DIR)/Bundles";
				LIBRARY_SEARCH_PATHS = (
					"$(inherited)",
					"\"$(SRCROOT)/thirdparty/libffi\"",
				);
				OTHER_LDFLAGS = (
					"-framework",
					Cocoa,
					"-framework",
					SenTestingKit,
				);
				PREBINDING = NO;
				PRODUCT_NAME = UnitTests;
				WRAPPER_EXTENSION = octest;
				ZERO_LINK = NO;
			};
			name = Release;
		};
		E2F6E5821149303D00658AB2 /* Debug */ = {
			isa = XCBuildConfiguration;
			buildSettings = {
				ALWAYS_SEARCH_USER_PATHS = NO;
				COPY_PHASE_STRIP = NO;
				DYLIB_COMPATIBILITY_VERSION = 1;
				DYLIB_CURRENT_VERSION = 1;
				FRAMEWORK_VERSION = A;
				GCC_DYNAMIC_NO_PIC = NO;
				GCC_ENABLE_FIX_AND_CONTINUE = YES;
				GCC_MODEL_TUNING = G5;
				GCC_OPTIMIZATION_LEVEL = 0;
				GCC_PRECOMPILE_PREFIX_HEADER = YES;
				GCC_PREFIX_HEADER = "";
				INFOPLIST_FILE = "AspectObjectiveC-Info.plist";
				INSTALL_PATH = "@executable_path/../Frameworks";
				LIBRARY_SEARCH_PATHS = (
					"$(inherited)",
					"\"$(SRCROOT)/thirdparty/libffi\"",
				);
				OTHER_LDFLAGS = (
					"-framework",
					Foundation,
				);
				PREBINDING = NO;
				PRODUCT_NAME = AspectObjectiveC;
			};
			name = Debug;
		};
		E2F6E5831149303D00658AB2 /* Release */ = {
			isa = XCBuildConfiguration;
			buildSettings = {
				ALWAYS_SEARCH_USER_PATHS = NO;
				COPY_PHASE_STRIP = YES;
				DEBUG_INFORMATION_FORMAT = "dwarf-with-dsym";
				DYLIB_COMPATIBILITY_VERSION = 1;
				DYLIB_CURRENT_VERSION = 1;
				FRAMEWORK_VERSION = A;
				GCC_ENABLE_FIX_AND_CONTINUE = NO;
				GCC_MODEL_TUNING = G5;
				GCC_PRECOMPILE_PREFIX_HEADER = YES;
				GCC_PREFIX_HEADER = "";
				INFOPLIST_FILE = "AspectObjectiveC-Info.plist";
				INSTALL_PATH = "@executable_path/../Frameworks";
				LIBRARY_SEARCH_PATHS = (
					"$(inherited)",
					"\"$(SRCROOT)/thirdparty/libffi\"",
				);
				OTHER_LDFLAGS = (
					"-framework",
					Foundation,
				);
				PREBINDING = NO;
				PRODUCT_NAME = AspectObjectiveC;
				ZERO_LINK = NO;
			};
			name = Release;
		};
/* End XCBuildConfiguration section */

/* Begin XCConfigurationList section */
		C01FCF4E08A954540054247B /* Build configuration list for PBXProject "AspectObjectiveC" */ = {
			isa = XCConfigurationList;
			buildConfigurations = (
				C01FCF4F08A954540054247B /* Debug */,
				C01FCF5008A954540054247B /* Release */,
			);
			defaultConfigurationIsVisible = 0;
			defaultConfigurationName = Release;
		};
		E2479332114C9CC400626905 /* Build configuration list for PBXNativeTarget "DemoApp" */ = {
			isa = XCConfigurationList;
			buildConfigurations = (
				E2479330114C9CC400626905 /* Debug */,
				E2479331114C9CC400626905 /* Release */,
			);
			defaultConfigurationIsVisible = 0;
			defaultConfigurationName = Release;
		};
		E2511D981163891F00CFCB83 /* Build configuration list for PBXAggregateTarget "GenerateDocumentation" */ = {
			isa = XCConfigurationList;
			buildConfigurations = (
				E2511D961163890100CFCB83 /* Debug */,
				E2511D971163890100CFCB83 /* Release */,
			);
			defaultConfigurationIsVisible = 0;
			defaultConfigurationName = Release;
		};
		E2905BB2114793AA00D69FE7 /* Build configuration list for PBXNativeTarget "UnitTests" */ = {
			isa = XCConfigurationList;
			buildConfigurations = (
				E2905BB0114793AA00D69FE7 /* Debug */,
				E2905BB1114793AA00D69FE7 /* Release */,
			);
			defaultConfigurationIsVisible = 0;
			defaultConfigurationName = Release;
		};
		E2F6E5841149303D00658AB2 /* Build configuration list for PBXNativeTarget "AspectObjectiveC" */ = {
			isa = XCConfigurationList;
			buildConfigurations = (
				E2F6E5821149303D00658AB2 /* Debug */,
				E2F6E5831149303D00658AB2 /* Release */,
			);
			defaultConfigurationIsVisible = 0;
			defaultConfigurationName = Release;
		};
/* End XCConfigurationList section */
	};
	rootObject = 29B97313FDCFA39411CA2CEA /* Project object */;
}
